
Microsoft Visual Studio Solution File, Format Version 12.00
# Visual Studio Version 17
VisualStudioVersion = 17.9.34622.214
MinimumVisualStudioVersion = 10.0.40219.1
Project("{FAE04EC0-301F-11D3-BF4B-00C04F79EFBC}") = "VExpenses", "VExpenses.csproj", "{1822E3FF-B653-4FE1-BD21-5C2A420817C2}"
EndProject
Project("{2150E333-8FDC-42A3-9474-1A3956D46DE8}") = "1-VExpense.API", "1-VExpense.API", "{6135A3F8-8434-4E9D-8262-DC8E29923BBD}"
EndProject
Project("{2150E333-8FDC-42A3-9474-1A3956D46DE8}") = "2-VExpense.Application", "2-VExpense.Application", "{D0AC8D14-1BF8-49C0-A31E-D09EB615F223}"
EndProject
Project("{2150E333-8FDC-42A3-9474-1A3956D46DE8}") = "3-VExpense.Domain", "3-VExpense.Domain", "{C6EC408D-AE26-4549-B3F0-ABC539DEBFEE}"
EndProject
Project("{2150E333-8FDC-42A3-9474-1A3956D46DE8}") = "4-VExpense.Infrastructure", "4-VExpense.Infrastructure", "{87E2045C-B9E4-45CB-B42E-A47DB37E9170}"
EndProject
Project("{2150E333-8FDC-42A3-9474-1A3956D46DE8}") = "5-VExpense.Documentacao", "5-VExpense.Documentacao", "{E158208E-FE3D-48D8-841B-DE73161B6665}"
EndProject
Project("{FAE04EC0-301F-11D3-BF4B-00C04F79EFBC}") = "Application", "..\Application\Application.csproj", "{EEF47AE5-B5AB-49A8-9484-1FEF0CB37A1F}"
EndProject
Project("{FAE04EC0-301F-11D3-BF4B-00C04F79EFBC}") = "Domain", "..\Domain\Domain.csproj", "{22F0C967-00AC-47AD-8FD5-6D58F7AEB4E6}"
EndProject
Project("{FAE04EC0-301F-11D3-BF4B-00C04F79EFBC}") = "ClassLibrary1", "..\ClassLibrary1\ClassLibrary1.csproj", "{A75A35C9-54D4-450F-84E4-655F44C69210}"
EndProject
Global
	GlobalSection(SolutionConfigurationPlatforms) = preSolution
		Debug|Any CPU = Debug|Any CPU
		Release|Any CPU = Release|Any CPU
	EndGlobalSection
	GlobalSection(ProjectConfigurationPlatforms) = postSolution
		{1822E3FF-B653-4FE1-BD21-5C2A420817C2}.Debug|Any CPU.ActiveCfg = Debug|Any CPU
		{1822E3FF-B653-4FE1-BD21-5C2A420817C2}.Debug|Any CPU.Build.0 = Debug|Any CPU
		{1822E3FF-B653-4FE1-BD21-5C2A420817C2}.Release|Any CPU.ActiveCfg = Release|Any CPU
		{1822E3FF-B653-4FE1-BD21-5C2A420817C2}.Release|Any CPU.Build.0 = Release|Any CPU
		{EEF47AE5-B5AB-49A8-9484-1FEF0CB37A1F}.Debug|Any CPU.ActiveCfg = Debug|Any CPU
		{EEF47AE5-B5AB-49A8-9484-1FEF0CB37A1F}.Debug|Any CPU.Build.0 = Debug|Any CPU
		{EEF47AE5-B5AB-49A8-9484-1FEF0CB37A1F}.Release|Any CPU.ActiveCfg = Release|Any CPU
		{EEF47AE5-B5AB-49A8-9484-1FEF0CB37A1F}.Release|Any CPU.Build.0 = Release|Any CPU
		{22F0C967-00AC-47AD-8FD5-6D58F7AEB4E6}.Debug|Any CPU.ActiveCfg = Debug|Any CPU
		{22F0C967-00AC-47AD-8FD5-6D58F7AEB4E6}.Debug|Any CPU.Build.0 = Debug|Any CPU
		{22F0C967-00AC-47AD-8FD5-6D58F7AEB4E6}.Release|Any CPU.ActiveCfg = Release|Any CPU
		{22F0C967-00AC-47AD-8FD5-6D58F7AEB4E6}.Release|Any CPU.Build.0 = Release|Any CPU
		{A75A35C9-54D4-450F-84E4-655F44C69210}.Debug|Any CPU.ActiveCfg = Debug|Any CPU
		{A75A35C9-54D4-450F-84E4-655F44C69210}.Debug|Any CPU.Build.0 = Debug|Any CPU
		{A75A35C9-54D4-450F-84E4-655F44C69210}.Release|Any CPU.ActiveCfg = Release|Any CPU
		{A75A35C9-54D4-450F-84E4-655F44C69210}.Release|Any CPU.Build.0 = Release|Any CPU
	EndGlobalSection
	GlobalSection(SolutionProperties) = preSolution
		HideSolutionNode = FALSE
	EndGlobalSection
	GlobalSection(NestedProjects) = preSolution
		{1822E3FF-B653-4FE1-BD21-5C2A420817C2} = {6135A3F8-8434-4E9D-8262-DC8E29923BBD}
		{EEF47AE5-B5AB-49A8-9484-1FEF0CB37A1F} = {D0AC8D14-1BF8-49C0-A31E-D09EB615F223}
		{22F0C967-00AC-47AD-8FD5-6D58F7AEB4E6} = {C6EC408D-AE26-4549-B3F0-ABC539DEBFEE}
		{A75A35C9-54D4-450F-84E4-655F44C69210} = {87E2045C-B9E4-45CB-B42E-A47DB37E9170}
	EndGlobalSection
	GlobalSection(ExtensibilityGlobals) = postSolution
		SolutionGuid = {32586EB0-85E8-4D82-9F4A-5A690AA0744D}
	EndGlobalSection
EndGlobal
